
Microsoft Visual Studio Solution File, Format Version 12.00
# Visual Studio Version 17
VisualStudioVersion = 17.5.33516.290
MinimumVisualStudioVersion = 10.0.40219.1
Project("{9A19103F-16F7-4668-BE54-9A1E7A4F7556}") = "DirectFerriesWebApp", "source\DirectFerriesWebApp.csproj", "{B90F982F-7A07-4CCA-9606-3AE53689C987}"
EndProject
Project("{FAE04EC0-301F-11D3-BF4B-00C04F79EFBC}") = "DirectFerriesWebApp.Tests", "tests\DirectFerriesWebApp.Tests\DirectFerriesWebApp.Tests.csproj", "{B527CFCF-00D1-4098-94B3-5CDDDB53945D}"
EndProject
Global
	GlobalSection(SolutionConfigurationPlatforms) = preSolution
		Debug|Any CPU = Debug|Any CPU
		Release|Any CPU = Release|Any CPU
	EndGlobalSection
	GlobalSection(ProjectConfigurationPlatforms) = postSolution
		{B90F982F-7A07-4CCA-9606-3AE53689C987}.Debug|Any CPU.ActiveCfg = Debug|Any CPU
		{B90F982F-7A07-4CCA-9606-3AE53689C987}.Debug|Any CPU.Build.0 = Debug|Any CPU
		{B90F982F-7A07-4CCA-9606-3AE53689C987}.Release|Any CPU.ActiveCfg = Release|Any CPU
		{B90F982F-7A07-4CCA-9606-3AE53689C987}.Release|Any CPU.Build.0 = Release|Any CPU
		{B527CFCF-00D1-4098-94B3-5CDDDB53945D}.Debug|Any CPU.ActiveCfg = Debug|Any CPU
		{B527CFCF-00D1-4098-94B3-5CDDDB53945D}.Debug|Any CPU.Build.0 = Debug|Any CPU
		{B527CFCF-00D1-4098-94B3-5CDDDB53945D}.Release|Any CPU.ActiveCfg = Release|Any CPU
		{B527CFCF-00D1-4098-94B3-5CDDDB53945D}.Release|Any CPU.Build.0 = Release|Any CPU
	EndGlobalSection
	GlobalSection(SolutionProperties) = preSolution
		HideSolutionNode = FALSE
	EndGlobalSection
	GlobalSection(ExtensibilityGlobals) = postSolution
		SolutionGuid = {F70A80A2-5CAC-4628-BBB4-F3629D72C14C}
	EndGlobalSection
EndGlobal
